
Microsoft Visual Studio Solution File, Format Version 12.00
# Visual Studio Version 16
VisualStudioVersion = 16.0.30204.135
MinimumVisualStudioVersion = 10.0.40219.1
Project("{FAE04EC0-301F-11D3-BF4B-00C04F79EFBC}") = "DDD", "DDD\DDD.csproj", "{CD70E63B-4112-40BF-B916-C4F93A01368F}"
EndProject
Global
	GlobalSection(SolutionConfigurationPlatforms) = preSolution
		Debug|Any CPU = Debug|Any CPU
		Release|Any CPU = Release|Any CPU
	EndGlobalSection
	GlobalSection(ProjectConfigurationPlatforms) = postSolution
		{CD70E63B-4112-40BF-B916-C4F93A01368F}.Debug|Any CPU.ActiveCfg = Debug|Any CPU
		{CD70E63B-4112-40BF-B916-C4F93A01368F}.Debug|Any CPU.Build.0 = Debug|Any CPU
		{CD70E63B-4112-40BF-B916-C4F93A01368F}.Release|Any CPU.ActiveCfg = Release|Any CPU
		{CD70E63B-4112-40BF-B916-C4F93A01368F}.Release|Any CPU.Build.0 = Release|Any CPU
	EndGlobalSection
	GlobalSection(SolutionProperties) = preSolution
		HideSolutionNode = FALSE
	EndGlobalSection
	GlobalSection(ExtensibilityGlobals) = postSolution
		SolutionGuid = {A8DD80F1-C240-40D5-9878-33800019E51F}
	EndGlobalSection
EndGlobal
